<?xml version="1.0" encoding="UTF-8" standalone="yes" ?>
<CodeBlocks_project_file>
	<FileVersion major="1" minor="6" />
	<Project>
		<Option title="Track" />
		<Option pch_mode="2" />
		<Option compiler="gcc" />
		<Build>
			<Target title="Debug">
				<Option output="bin\Debug\Track" prefix_auto="1" extension_auto="1" />
				<Option object_output="obj\Debug\" />
				<Option type="1" />
				<Option compiler="gcc" />
				<Compiler>
					<Add option="-g" />
					<Add directory="$(#opencv22.include)" />
					<Add directory="$(#boost.include)" />
					<Add directory="sqlite3" />
				</Compiler>
				<Linker>
					<Add directory="$(#opencv22.lib)" />
					<Add directory="$(#boost.lib)" />
				</Linker>
			</Target>
			<Target title="Release">
				<Option output="bin\Release\Track" prefix_auto="1" extension_auto="1" />
				<Option object_output="obj\Release\" />
				<Option type="1" />
				<Option compiler="gcc" />
				<Compiler>
					<Add option="-O2" />
				</Compiler>
				<Linker>
					<Add option="-s" />
					<Add library="ASMDLL\libasmdllnose.a" />
				</Linker>
			</Target>
		</Build>
		<Compiler>
			<Add option="-Wall" />
			<Add option="-fexceptions" />
			<Add option="-l boost_system" />
			<Add option="-DBOOST_THREAD_USE_LIB" />
			<Add directory="$(#opencv22.include)" />
			<Add directory="$(#opencv22.include)\opencv" />
			<Add directory="$(#opencv22.include)\opencv2" />
			<Add directory="lib" />
		</Compiler>
		<Linker>
			<Add library="libopencv_core220.dll.a" />
			<Add library="libopencv_highgui220.dll.a" />
			<Add library="libopencv_imgproc220.dll.a" />
			<Add library="libopencv_objdetect220.dll.a" />
			<Add library="libopencv_video220.dll.a" />
			<Add library="libopencv_features2d220.dll.a" />
			<Add library="ASMDLL\libasmdll.a" />
			<Add library="C:\CodeBlocks\MinGW\lib\libwsock32.a" />
			<Add library="C:\boost_1_47_0\stage\lib\libboost_chrono-mgw44-1_47.a" />
			<Add library="C:\boost_1_47_0\stage\lib\libboost_chrono-mgw44-1_47.dll.a" />
			<Add library="C:\boost_1_47_0\stage\lib\libboost_chrono-mgw44-d-1_47.a" />
			<Add library="C:\boost_1_47_0\stage\lib\libboost_chrono-mgw44-d-1_47.dll.a" />
			<Add library="C:\boost_1_47_0\stage\lib\libboost_chrono-mgw44-mt-1_47.a" />
			<Add library="C:\boost_1_47_0\stage\lib\libboost_chrono-mgw44-mt-1_47.dll.a" />
			<Add library="C:\boost_1_47_0\stage\lib\libboost_chrono-mgw44-mt-d-1_47.a" />
			<Add library="C:\boost_1_47_0\stage\lib\libboost_chrono-mgw44-mt-d-1_47.dll.a" />
			<Add library="C:\boost_1_47_0\stage\lib\libboost_chrono-mgw44-mt-s-1_47.a" />
			<Add library="C:\boost_1_47_0\stage\lib\libboost_chrono-mgw44-mt-sd-1_47.a" />
			<Add library="C:\boost_1_47_0\stage\lib\libboost_chrono-mgw44-s-1_47.a" />
			<Add library="C:\boost_1_47_0\stage\lib\libboost_chrono-mgw44-sd-1_47.a" />
			<Add library="C:\boost_1_47_0\stage\lib\libboost_date_time-mgw44-1_47.a" />
			<Add library="C:\boost_1_47_0\stage\lib\libboost_date_time-mgw44-1_47.dll.a" />
			<Add library="C:\boost_1_47_0\stage\lib\libboost_date_time-mgw44-d-1_47.a" />
			<Add library="C:\boost_1_47_0\stage\lib\libboost_date_time-mgw44-d-1_47.dll.a" />
			<Add library="C:\boost_1_47_0\stage\lib\libboost_date_time-mgw44-mt-1_47.a" />
			<Add library="C:\boost_1_47_0\stage\lib\libboost_date_time-mgw44-mt-1_47.dll.a" />
			<Add library="C:\boost_1_47_0\stage\lib\libboost_date_time-mgw44-mt-d-1_47.a" />
			<Add library="C:\boost_1_47_0\stage\lib\libboost_date_time-mgw44-mt-d-1_47.dll.a" />
			<Add library="C:\boost_1_47_0\stage\lib\libboost_date_time-mgw44-mt-s-1_47.a" />
			<Add library="C:\boost_1_47_0\stage\lib\libboost_date_time-mgw44-mt-sd-1_47.a" />
			<Add library="C:\boost_1_47_0\stage\lib\libboost_date_time-mgw44-s-1_47.a" />
			<Add library="C:\boost_1_47_0\stage\lib\libboost_date_time-mgw44-sd-1_47.a" />
			<Add library="C:\boost_1_47_0\stage\lib\libboost_exception-mgw44-1_47.a" />
			<Add library="C:\boost_1_47_0\stage\lib\libboost_exception-mgw44-d-1_47.a" />
			<Add library="C:\boost_1_47_0\stage\lib\libboost_exception-mgw44-mt-1_47.a" />
			<Add library="C:\boost_1_47_0\stage\lib\libboost_exception-mgw44-mt-d-1_47.a" />
			<Add library="C:\boost_1_47_0\stage\lib\libboost_exception-mgw44-mt-s-1_47.a" />
			<Add library="C:\boost_1_47_0\stage\lib\libboost_exception-mgw44-mt-sd-1_47.a" />
			<Add library="C:\boost_1_47_0\stage\lib\libboost_exception-mgw44-s-1_47.a" />
			<Add library="C:\boost_1_47_0\stage\lib\libboost_exception-mgw44-sd-1_47.a" />
			<Add library="C:\boost_1_47_0\stage\lib\libboost_filesystem-mgw44-1_47.a" />
			<Add library="C:\boost_1_47_0\stage\lib\libboost_filesystem-mgw44-1_47.dll.a" />
			<Add library="C:\boost_1_47_0\stage\lib\libboost_filesystem-mgw44-d-1_47.a" />
			<Add library="C:\boost_1_47_0\stage\lib\libboost_filesystem-mgw44-d-1_47.dll.a" />
			<Add library="C:\boost_1_47_0\stage\lib\libboost_filesystem-mgw44-mt-1_47.a" />
			<Add library="C:\boost_1_47_0\stage\lib\libboost_filesystem-mgw44-mt-1_47.dll.a" />
			<Add library="C:\boost_1_47_0\stage\lib\libboost_filesystem-mgw44-mt-d-1_47.a" />
			<Add library="C:\boost_1_47_0\stage\lib\libboost_filesystem-mgw44-mt-d-1_47.dll.a" />
			<Add library="C:\boost_1_47_0\stage\lib\libboost_filesystem-mgw44-mt-s-1_47.a" />
			<Add library="C:\boost_1_47_0\stage\lib\libboost_filesystem-mgw44-mt-sd-1_47.a" />
			<Add library="C:\boost_1_47_0\stage\lib\libboost_filesystem-mgw44-s-1_47.a" />
			<Add library="C:\boost_1_47_0\stage\lib\libboost_filesystem-mgw44-sd-1_47.a" />
			<Add library="C:\boost_1_47_0\stage\lib\libboost_graph-mgw44-1_47.a" />
			<Add library="C:\boost_1_47_0\stage\lib\libboost_graph-mgw44-1_47.dll.a" />
			<Add library="C:\boost_1_47_0\stage\lib\libboost_graph-mgw44-d-1_47.a" />
			<Add library="C:\boost_1_47_0\stage\lib\libboost_graph-mgw44-d-1_47.dll.a" />
			<Add library="C:\boost_1_47_0\stage\lib\libboost_graph-mgw44-mt-1_47.a" />
			<Add library="C:\boost_1_47_0\stage\lib\libboost_graph-mgw44-mt-1_47.dll.a" />
			<Add library="C:\boost_1_47_0\stage\lib\libboost_graph-mgw44-mt-d-1_47.a" />
			<Add library="C:\boost_1_47_0\stage\lib\libboost_graph-mgw44-mt-d-1_47.dll.a" />
			<Add library="C:\boost_1_47_0\stage\lib\libboost_graph-mgw44-mt-s-1_47.a" />
			<Add library="C:\boost_1_47_0\stage\lib\libboost_graph-mgw44-mt-sd-1_47.a" />
			<Add library="C:\boost_1_47_0\stage\lib\libboost_graph-mgw44-s-1_47.a" />
			<Add library="C:\boost_1_47_0\stage\lib\libboost_graph-mgw44-sd-1_47.a" />
			<Add library="C:\boost_1_47_0\stage\lib\libboost_iostreams-mgw44-1_47.a" />
			<Add library="C:\boost_1_47_0\stage\lib\libboost_iostreams-mgw44-1_47.dll.a" />
			<Add library="C:\boost_1_47_0\stage\lib\libboost_iostreams-mgw44-d-1_47.a" />
			<Add library="C:\boost_1_47_0\stage\lib\libboost_iostreams-mgw44-d-1_47.dll.a" />
			<Add library="C:\boost_1_47_0\stage\lib\libboost_iostreams-mgw44-mt-1_47.a" />
			<Add library="C:\boost_1_47_0\stage\lib\libboost_iostreams-mgw44-mt-1_47.dll.a" />
			<Add library="C:\boost_1_47_0\stage\lib\libboost_iostreams-mgw44-mt-d-1_47.a" />
			<Add library="C:\boost_1_47_0\stage\lib\libboost_iostreams-mgw44-mt-d-1_47.dll.a" />
			<Add library="C:\boost_1_47_0\stage\lib\libboost_iostreams-mgw44-mt-s-1_47.a" />
			<Add library="C:\boost_1_47_0\stage\lib\libboost_iostreams-mgw44-mt-sd-1_47.a" />
			<Add library="C:\boost_1_47_0\stage\lib\libboost_iostreams-mgw44-s-1_47.a" />
			<Add library="C:\boost_1_47_0\stage\lib\libboost_iostreams-mgw44-sd-1_47.a" />
			<Add library="C:\boost_1_47_0\stage\lib\libboost_math_c99f-mgw44-1_47.a" />
			<Add library="C:\boost_1_47_0\stage\lib\libboost_math_c99f-mgw44-1_47.dll.a" />
			<Add library="C:\boost_1_47_0\stage\lib\libboost_math_c99f-mgw44-d-1_47.a" />
			<Add library="C:\boost_1_47_0\stage\lib\libboost_math_c99f-mgw44-d-1_47.dll.a" />
			<Add library="C:\boost_1_47_0\stage\lib\libboost_math_c99f-mgw44-mt-1_47.a" />
			<Add library="C:\boost_1_47_0\stage\lib\libboost_math_c99f-mgw44-mt-1_47.dll.a" />
			<Add library="C:\boost_1_47_0\stage\lib\libboost_math_c99f-mgw44-mt-d-1_47.a" />
			<Add library="C:\boost_1_47_0\stage\lib\libboost_math_c99f-mgw44-mt-d-1_47.dll.a" />
			<Add library="C:\boost_1_47_0\stage\lib\libboost_math_c99f-mgw44-mt-s-1_47.a" />
			<Add library="C:\boost_1_47_0\stage\lib\libboost_math_c99f-mgw44-mt-sd-1_47.a" />
			<Add library="C:\boost_1_47_0\stage\lib\libboost_math_c99f-mgw44-s-1_47.a" />
			<Add library="C:\boost_1_47_0\stage\lib\libboost_math_c99f-mgw44-sd-1_47.a" />
			<Add library="C:\boost_1_47_0\stage\lib\libboost_math_c99l-mgw44-1_47.a" />
			<Add library="C:\boost_1_47_0\stage\lib\libboost_math_c99l-mgw44-1_47.dll.a" />
			<Add library="C:\boost_1_47_0\stage\lib\libboost_math_c99l-mgw44-d-1_47.a" />
			<Add library="C:\boost_1_47_0\stage\lib\libboost_math_c99l-mgw44-d-1_47.dll.a" />
			<Add library="C:\boost_1_47_0\stage\lib\libboost_math_c99l-mgw44-mt-1_47.a" />
			<Add library="C:\boost_1_47_0\stage\lib\libboost_math_c99l-mgw44-mt-1_47.dll.a" />
			<Add library="C:\boost_1_47_0\stage\lib\libboost_math_c99l-mgw44-mt-d-1_47.a" />
			<Add library="C:\boost_1_47_0\stage\lib\libboost_math_c99l-mgw44-mt-d-1_47.dll.a" />
			<Add library="C:\boost_1_47_0\stage\lib\libboost_math_c99l-mgw44-mt-s-1_47.a" />
			<Add library="C:\boost_1_47_0\stage\lib\libboost_math_c99l-mgw44-mt-sd-1_47.a" />
			<Add library="C:\boost_1_47_0\stage\lib\libboost_math_c99l-mgw44-s-1_47.a" />
			<Add library="C:\boost_1_47_0\stage\lib\libboost_math_c99l-mgw44-sd-1_47.a" />
			<Add library="C:\boost_1_47_0\stage\lib\libboost_math_c99-mgw44-1_47.a" />
			<Add library="C:\boost_1_47_0\stage\lib\libboost_math_c99-mgw44-1_47.dll.a" />
			<Add library="C:\boost_1_47_0\stage\lib\libboost_math_c99-mgw44-d-1_47.a" />
			<Add library="C:\boost_1_47_0\stage\lib\libboost_math_c99-mgw44-d-1_47.dll.a" />
			<Add library="C:\boost_1_47_0\stage\lib\libboost_math_c99-mgw44-mt-1_47.a" />
			<Add library="C:\boost_1_47_0\stage\lib\libboost_math_c99-mgw44-mt-1_47.dll.a" />
			<Add library="C:\boost_1_47_0\stage\lib\libboost_math_c99-mgw44-mt-d-1_47.a" />
			<Add library="C:\boost_1_47_0\stage\lib\libboost_math_c99-mgw44-mt-d-1_47.dll.a" />
			<Add library="C:\boost_1_47_0\stage\lib\libboost_math_c99-mgw44-mt-s-1_47.a" />
			<Add library="C:\boost_1_47_0\stage\lib\libboost_math_c99-mgw44-mt-sd-1_47.a" />
			<Add library="C:\boost_1_47_0\stage\lib\libboost_math_c99-mgw44-s-1_47.a" />
			<Add library="C:\boost_1_47_0\stage\lib\libboost_math_c99-mgw44-sd-1_47.a" />
			<Add library="C:\boost_1_47_0\stage\lib\libboost_math_tr1f-mgw44-1_47.a" />
			<Add library="C:\boost_1_47_0\stage\lib\libboost_math_tr1f-mgw44-1_47.dll.a" />
			<Add library="C:\boost_1_47_0\stage\lib\libboost_math_tr1f-mgw44-d-1_47.a" />
			<Add library="C:\boost_1_47_0\stage\lib\libboost_math_tr1f-mgw44-d-1_47.dll.a" />
			<Add library="C:\boost_1_47_0\stage\lib\libboost_math_tr1f-mgw44-mt-1_47.a" />
			<Add library="C:\boost_1_47_0\stage\lib\libboost_math_tr1f-mgw44-mt-1_47.dll.a" />
			<Add library="C:\boost_1_47_0\stage\lib\libboost_math_tr1f-mgw44-mt-d-1_47.a" />
			<Add library="C:\boost_1_47_0\stage\lib\libboost_math_tr1f-mgw44-mt-d-1_47.dll.a" />
			<Add library="C:\boost_1_47_0\stage\lib\libboost_math_tr1f-mgw44-mt-s-1_47.a" />
			<Add library="C:\boost_1_47_0\stage\lib\libboost_math_tr1f-mgw44-mt-sd-1_47.a" />
			<Add library="C:\boost_1_47_0\stage\lib\libboost_math_tr1f-mgw44-s-1_47.a" />
			<Add library="C:\boost_1_47_0\stage\lib\libboost_math_tr1f-mgw44-sd-1_47.a" />
			<Add library="C:\boost_1_47_0\stage\lib\libboost_math_tr1l-mgw44-1_47.a" />
			<Add library="C:\boost_1_47_0\stage\lib\libboost_math_tr1l-mgw44-1_47.dll.a" />
			<Add library="C:\boost_1_47_0\stage\lib\libboost_math_tr1l-mgw44-d-1_47.a" />
			<Add library="C:\boost_1_47_0\stage\lib\libboost_math_tr1l-mgw44-d-1_47.dll.a" />
			<Add library="C:\boost_1_47_0\stage\lib\libboost_math_tr1l-mgw44-mt-1_47.a" />
			<Add library="C:\boost_1_47_0\stage\lib\libboost_math_tr1l-mgw44-mt-1_47.dll.a" />
			<Add library="C:\boost_1_47_0\stage\lib\libboost_math_tr1l-mgw44-mt-d-1_47.a" />
			<Add library="C:\boost_1_47_0\stage\lib\libboost_math_tr1l-mgw44-mt-d-1_47.dll.a" />
			<Add library="C:\boost_1_47_0\stage\lib\libboost_math_tr1l-mgw44-mt-s-1_47.a" />
			<Add library="C:\boost_1_47_0\stage\lib\libboost_math_tr1l-mgw44-mt-sd-1_47.a" />
			<Add library="C:\boost_1_47_0\stage\lib\libboost_math_tr1l-mgw44-s-1_47.a" />
			<Add library="C:\boost_1_47_0\stage\lib\libboost_math_tr1l-mgw44-sd-1_47.a" />
			<Add library="C:\boost_1_47_0\stage\lib\libboost_math_tr1-mgw44-1_47.a" />
			<Add library="C:\boost_1_47_0\stage\lib\libboost_math_tr1-mgw44-1_47.dll.a" />
			<Add library="C:\boost_1_47_0\stage\lib\libboost_math_tr1-mgw44-d-1_47.a" />
			<Add library="C:\boost_1_47_0\stage\lib\libboost_math_tr1-mgw44-d-1_47.dll.a" />
			<Add library="C:\boost_1_47_0\stage\lib\libboost_math_tr1-mgw44-mt-1_47.a" />
			<Add library="C:\boost_1_47_0\stage\lib\libboost_math_tr1-mgw44-mt-1_47.dll.a" />
			<Add library="C:\boost_1_47_0\stage\lib\libboost_math_tr1-mgw44-mt-d-1_47.a" />
			<Add library="C:\boost_1_47_0\stage\lib\libboost_math_tr1-mgw44-mt-d-1_47.dll.a" />
			<Add library="C:\boost_1_47_0\stage\lib\libboost_math_tr1-mgw44-mt-s-1_47.a" />
			<Add library="C:\boost_1_47_0\stage\lib\libboost_math_tr1-mgw44-mt-sd-1_47.a" />
			<Add library="C:\boost_1_47_0\stage\lib\libboost_math_tr1-mgw44-s-1_47.a" />
			<Add library="C:\boost_1_47_0\stage\lib\libboost_math_tr1-mgw44-sd-1_47.a" />
			<Add library="C:\boost_1_47_0\stage\lib\libboost_prg_exec_monitor-mgw44-1_47.a" />
			<Add library="C:\boost_1_47_0\stage\lib\libboost_prg_exec_monitor-mgw44-1_47.dll.a" />
			<Add library="C:\boost_1_47_0\stage\lib\libboost_prg_exec_monitor-mgw44-d-1_47.a" />
			<Add library="C:\boost_1_47_0\stage\lib\libboost_prg_exec_monitor-mgw44-d-1_47.dll.a" />
			<Add library="C:\boost_1_47_0\stage\lib\libboost_prg_exec_monitor-mgw44-mt-1_47.a" />
			<Add library="C:\boost_1_47_0\stage\lib\libboost_prg_exec_monitor-mgw44-mt-1_47.dll.a" />
			<Add library="C:\boost_1_47_0\stage\lib\libboost_prg_exec_monitor-mgw44-mt-d-1_47.a" />
			<Add library="C:\boost_1_47_0\stage\lib\libboost_prg_exec_monitor-mgw44-mt-d-1_47.dll.a" />
			<Add library="C:\boost_1_47_0\stage\lib\libboost_prg_exec_monitor-mgw44-mt-s-1_47.a" />
			<Add library="C:\boost_1_47_0\stage\lib\libboost_prg_exec_monitor-mgw44-mt-sd-1_47.a" />
			<Add library="C:\boost_1_47_0\stage\lib\libboost_prg_exec_monitor-mgw44-s-1_47.a" />
			<Add library="C:\boost_1_47_0\stage\lib\libboost_prg_exec_monitor-mgw44-sd-1_47.a" />
			<Add library="C:\boost_1_47_0\stage\lib\libboost_program_options-mgw44-1_47.a" />
			<Add library="C:\boost_1_47_0\stage\lib\libboost_program_options-mgw44-1_47.dll.a" />
			<Add library="C:\boost_1_47_0\stage\lib\libboost_program_options-mgw44-d-1_47.a" />
			<Add library="C:\boost_1_47_0\stage\lib\libboost_program_options-mgw44-d-1_47.dll.a" />
			<Add library="C:\boost_1_47_0\stage\lib\libboost_program_options-mgw44-mt-1_47.a" />
			<Add library="C:\boost_1_47_0\stage\lib\libboost_program_options-mgw44-mt-1_47.dll.a" />
			<Add library="C:\boost_1_47_0\stage\lib\libboost_program_options-mgw44-mt-d-1_47.a" />
			<Add library="C:\boost_1_47_0\stage\lib\libboost_program_options-mgw44-mt-d-1_47.dll.a" />
			<Add library="C:\boost_1_47_0\stage\lib\libboost_program_options-mgw44-mt-s-1_47.a" />
			<Add library="C:\boost_1_47_0\stage\lib\libboost_program_options-mgw44-mt-sd-1_47.a" />
			<Add library="C:\boost_1_47_0\stage\lib\libboost_program_options-mgw44-s-1_47.a" />
			<Add library="C:\boost_1_47_0\stage\lib\libboost_program_options-mgw44-sd-1_47.a" />
			<Add library="C:\boost_1_47_0\stage\lib\libboost_random-mgw44-1_47.a" />
			<Add library="C:\boost_1_47_0\stage\lib\libboost_random-mgw44-1_47.dll.a" />
			<Add library="C:\boost_1_47_0\stage\lib\libboost_random-mgw44-d-1_47.a" />
			<Add library="C:\boost_1_47_0\stage\lib\libboost_random-mgw44-d-1_47.dll.a" />
			<Add library="C:\boost_1_47_0\stage\lib\libboost_random-mgw44-mt-1_47.a" />
			<Add library="C:\boost_1_47_0\stage\lib\libboost_random-mgw44-mt-1_47.dll.a" />
			<Add library="C:\boost_1_47_0\stage\lib\libboost_random-mgw44-mt-d-1_47.a" />
			<Add library="C:\boost_1_47_0\stage\lib\libboost_random-mgw44-mt-d-1_47.dll.a" />
			<Add library="C:\boost_1_47_0\stage\lib\libboost_random-mgw44-mt-s-1_47.a" />
			<Add library="C:\boost_1_47_0\stage\lib\libboost_random-mgw44-mt-sd-1_47.a" />
			<Add library="C:\boost_1_47_0\stage\lib\libboost_random-mgw44-s-1_47.a" />
			<Add library="C:\boost_1_47_0\stage\lib\libboost_random-mgw44-sd-1_47.a" />
			<Add library="C:\boost_1_47_0\stage\lib\libboost_regex-mgw44-1_47.a" />
			<Add library="C:\boost_1_47_0\stage\lib\libboost_regex-mgw44-1_47.dll.a" />
			<Add library="C:\boost_1_47_0\stage\lib\libboost_regex-mgw44-d-1_47.a" />
			<Add library="C:\boost_1_47_0\stage\lib\libboost_regex-mgw44-d-1_47.dll.a" />
			<Add library="C:\boost_1_47_0\stage\lib\libboost_regex-mgw44-mt-1_47.a" />
			<Add library="C:\boost_1_47_0\stage\lib\libboost_regex-mgw44-mt-1_47.dll.a" />
			<Add library="C:\boost_1_47_0\stage\lib\libboost_regex-mgw44-mt-d-1_47.a" />
			<Add library="C:\boost_1_47_0\stage\lib\libboost_regex-mgw44-mt-d-1_47.dll.a" />
			<Add library="C:\boost_1_47_0\stage\lib\libboost_regex-mgw44-mt-s-1_47.a" />
			<Add library="C:\boost_1_47_0\stage\lib\libboost_regex-mgw44-mt-sd-1_47.a" />
			<Add library="C:\boost_1_47_0\stage\lib\libboost_regex-mgw44-s-1_47.a" />
			<Add library="C:\boost_1_47_0\stage\lib\libboost_regex-mgw44-sd-1_47.a" />
			<Add library="C:\boost_1_47_0\stage\lib\libboost_serialization-mgw44-1_47.a" />
			<Add library="C:\boost_1_47_0\stage\lib\libboost_serialization-mgw44-1_47.dll.a" />
			<Add library="C:\boost_1_47_0\stage\lib\libboost_serialization-mgw44-d-1_47.a" />
			<Add library="C:\boost_1_47_0\stage\lib\libboost_serialization-mgw44-d-1_47.dll.a" />
			<Add library="C:\boost_1_47_0\stage\lib\libboost_serialization-mgw44-mt-1_47.a" />
			<Add library="C:\boost_1_47_0\stage\lib\libboost_serialization-mgw44-mt-1_47.dll.a" />
			<Add library="C:\boost_1_47_0\stage\lib\libboost_serialization-mgw44-mt-d-1_47.a" />
			<Add library="C:\boost_1_47_0\stage\lib\libboost_serialization-mgw44-mt-d-1_47.dll.a" />
			<Add library="C:\boost_1_47_0\stage\lib\libboost_serialization-mgw44-mt-s-1_47.a" />
			<Add library="C:\boost_1_47_0\stage\lib\libboost_serialization-mgw44-mt-sd-1_47.a" />
			<Add library="C:\boost_1_47_0\stage\lib\libboost_serialization-mgw44-s-1_47.a" />
			<Add library="C:\boost_1_47_0\stage\lib\libboost_serialization-mgw44-sd-1_47.a" />
			<Add library="C:\boost_1_47_0\stage\lib\libboost_signals-mgw44-1_47.a" />
			<Add library="C:\boost_1_47_0\stage\lib\libboost_signals-mgw44-1_47.dll.a" />
			<Add library="C:\boost_1_47_0\stage\lib\libboost_signals-mgw44-d-1_47.a" />
			<Add library="C:\boost_1_47_0\stage\lib\libboost_signals-mgw44-d-1_47.dll.a" />
			<Add library="C:\boost_1_47_0\stage\lib\libboost_signals-mgw44-mt-1_47.a" />
			<Add library="C:\boost_1_47_0\stage\lib\libboost_signals-mgw44-mt-1_47.dll.a" />
			<Add library="C:\boost_1_47_0\stage\lib\libboost_signals-mgw44-mt-d-1_47.a" />
			<Add library="C:\boost_1_47_0\stage\lib\libboost_signals-mgw44-mt-d-1_47.dll.a" />
			<Add library="C:\boost_1_47_0\stage\lib\libboost_signals-mgw44-mt-s-1_47.a" />
			<Add library="C:\boost_1_47_0\stage\lib\libboost_signals-mgw44-mt-sd-1_47.a" />
			<Add library="C:\boost_1_47_0\stage\lib\libboost_signals-mgw44-s-1_47.a" />
			<Add library="C:\boost_1_47_0\stage\lib\libboost_signals-mgw44-sd-1_47.a" />
			<Add library="C:\boost_1_47_0\stage\lib\libboost_system-mgw44-1_47.a" />
			<Add library="C:\boost_1_47_0\stage\lib\libboost_system-mgw44-1_47.dll.a" />
			<Add library="C:\boost_1_47_0\stage\lib\libboost_system-mgw44-d-1_47.a" />
			<Add library="C:\boost_1_47_0\stage\lib\libboost_system-mgw44-d-1_47.dll.a" />
			<Add library="C:\boost_1_47_0\stage\lib\libboost_system-mgw44-mt-1_47.a" />
			<Add library="C:\boost_1_47_0\stage\lib\libboost_system-mgw44-mt-1_47.dll.a" />
			<Add library="C:\boost_1_47_0\stage\lib\libboost_system-mgw44-mt-d-1_47.a" />
			<Add library="C:\boost_1_47_0\stage\lib\libboost_system-mgw44-mt-d-1_47.dll.a" />
			<Add library="C:\boost_1_47_0\stage\lib\libboost_system-mgw44-mt-s-1_47.a" />
			<Add library="C:\boost_1_47_0\stage\lib\libboost_system-mgw44-mt-sd-1_47.a" />
			<Add library="C:\boost_1_47_0\stage\lib\libboost_system-mgw44-s-1_47.a" />
			<Add library="C:\boost_1_47_0\stage\lib\libboost_system-mgw44-sd-1_47.a" />
			<Add library="C:\boost_1_47_0\stage\lib\libboost_test_exec_monitor-mgw44-1_47.a" />
			<Add library="C:\boost_1_47_0\stage\lib\libboost_test_exec_monitor-mgw44-d-1_47.a" />
			<Add library="C:\boost_1_47_0\stage\lib\libboost_test_exec_monitor-mgw44-mt-1_47.a" />
			<Add library="C:\boost_1_47_0\stage\lib\libboost_test_exec_monitor-mgw44-mt-d-1_47.a" />
			<Add library="C:\boost_1_47_0\stage\lib\libboost_test_exec_monitor-mgw44-mt-s-1_47.a" />
			<Add library="C:\boost_1_47_0\stage\lib\libboost_test_exec_monitor-mgw44-mt-sd-1_47.a" />
			<Add library="C:\boost_1_47_0\stage\lib\libboost_test_exec_monitor-mgw44-s-1_47.a" />
			<Add library="C:\boost_1_47_0\stage\lib\libboost_test_exec_monitor-mgw44-sd-1_47.a" />
			<Add library="C:\boost_1_47_0\stage\lib\libboost_thread-mgw44-mt-1_47.a" />
			<Add library="C:\boost_1_47_0\stage\lib\libboost_thread-mgw44-mt-1_47.dll.a" />
			<Add library="C:\boost_1_47_0\stage\lib\libboost_thread-mgw44-mt-d-1_47.a" />
			<Add library="C:\boost_1_47_0\stage\lib\libboost_thread-mgw44-mt-d-1_47.dll.a" />
			<Add library="C:\boost_1_47_0\stage\lib\libboost_thread-mgw44-mt-s-1_47.a" />
			<Add library="C:\boost_1_47_0\stage\lib\libboost_thread-mgw44-mt-sd-1_47.a" />
			<Add library="C:\boost_1_47_0\stage\lib\libboost_unit_test_framework-mgw44-1_47.a" />
			<Add library="C:\boost_1_47_0\stage\lib\libboost_unit_test_framework-mgw44-1_47.dll.a" />
			<Add library="C:\boost_1_47_0\stage\lib\libboost_unit_test_framework-mgw44-d-1_47.a" />
			<Add library="C:\boost_1_47_0\stage\lib\libboost_unit_test_framework-mgw44-d-1_47.dll.a" />
			<Add library="C:\boost_1_47_0\stage\lib\libboost_unit_test_framework-mgw44-mt-1_47.a" />
			<Add library="C:\boost_1_47_0\stage\lib\libboost_unit_test_framework-mgw44-mt-1_47.dll.a" />
			<Add library="C:\boost_1_47_0\stage\lib\libboost_unit_test_framework-mgw44-mt-d-1_47.a" />
			<Add library="C:\boost_1_47_0\stage\lib\libboost_unit_test_framework-mgw44-mt-d-1_47.dll.a" />
			<Add library="C:\boost_1_47_0\stage\lib\libboost_unit_test_framework-mgw44-mt-s-1_47.a" />
			<Add library="C:\boost_1_47_0\stage\lib\libboost_unit_test_framework-mgw44-mt-sd-1_47.a" />
			<Add library="C:\boost_1_47_0\stage\lib\libboost_unit_test_framework-mgw44-s-1_47.a" />
			<Add library="C:\boost_1_47_0\stage\lib\libboost_unit_test_framework-mgw44-sd-1_47.a" />
			<Add library="C:\boost_1_47_0\stage\lib\libboost_wave-mgw44-1_47.a" />
			<Add library="C:\boost_1_47_0\stage\lib\libboost_wave-mgw44-1_47.dll.a" />
			<Add library="C:\boost_1_47_0\stage\lib\libboost_wave-mgw44-d-1_47.a" />
			<Add library="C:\boost_1_47_0\stage\lib\libboost_wave-mgw44-d-1_47.dll.a" />
			<Add library="C:\boost_1_47_0\stage\lib\libboost_wave-mgw44-mt-1_47.a" />
			<Add library="C:\boost_1_47_0\stage\lib\libboost_wave-mgw44-mt-1_47.dll.a" />
			<Add library="C:\boost_1_47_0\stage\lib\libboost_wave-mgw44-mt-d-1_47.a" />
			<Add library="C:\boost_1_47_0\stage\lib\libboost_wave-mgw44-mt-d-1_47.dll.a" />
			<Add library="C:\boost_1_47_0\stage\lib\libboost_wave-mgw44-mt-s-1_47.a" />
			<Add library="C:\boost_1_47_0\stage\lib\libboost_wave-mgw44-mt-sd-1_47.a" />
			<Add library="C:\boost_1_47_0\stage\lib\libboost_wave-mgw44-s-1_47.a" />
			<Add library="C:\boost_1_47_0\stage\lib\libboost_wave-mgw44-sd-1_47.a" />
			<Add library="C:\boost_1_47_0\stage\lib\libboost_wserialization-mgw44-1_47.a" />
			<Add library="C:\boost_1_47_0\stage\lib\libboost_wserialization-mgw44-1_47.dll.a" />
			<Add library="C:\boost_1_47_0\stage\lib\libboost_wserialization-mgw44-d-1_47.a" />
			<Add library="C:\boost_1_47_0\stage\lib\libboost_wserialization-mgw44-d-1_47.dll.a" />
			<Add library="C:\boost_1_47_0\stage\lib\libboost_wserialization-mgw44-mt-1_47.a" />
			<Add library="C:\boost_1_47_0\stage\lib\libboost_wserialization-mgw44-mt-1_47.dll.a" />
			<Add library="C:\boost_1_47_0\stage\lib\libboost_wserialization-mgw44-mt-d-1_47.a" />
			<Add library="C:\boost_1_47_0\stage\lib\libboost_wserialization-mgw44-mt-d-1_47.dll.a" />
			<Add library="C:\boost_1_47_0\stage\lib\libboost_wserialization-mgw44-mt-s-1_47.a" />
			<Add library="C:\boost_1_47_0\stage\lib\libboost_wserialization-mgw44-mt-sd-1_47.a" />
			<Add library="C:\boost_1_47_0\stage\lib\libboost_wserialization-mgw44-s-1_47.a" />
			<Add library="C:\boost_1_47_0\stage\lib\libboost_wserialization-mgw44-sd-1_47.a" />
			<Add directory="$(#opencv22.lib)" />
		</Linker>
		<Unit filename="AAMLibrary\AAM_Basic.cpp" />
		<Unit filename="AAMLibrary\AAM_Basic.h" />
		<Unit filename="AAMLibrary\AAM_CAM.cpp" />
		<Unit filename="AAMLibrary\AAM_CAM.h" />
		<Unit filename="AAMLibrary\AAM_IC.cpp" />
		<Unit filename="AAMLibrary\AAM_IC.h" />
		<Unit filename="AAMLibrary\AAM_PAW.cpp" />
		<Unit filename="AAMLibrary\AAM_PAW.h" />
		<Unit filename="AAMLibrary\AAM_PDM.cpp" />
		<Unit filename="AAMLibrary\AAM_PDM.h" />
		<Unit filename="AAMLibrary\AAM_Shape.cpp" />
		<Unit filename="AAMLibrary\AAM_Shape.h" />
		<Unit filename="AAMLibrary\AAM_TDM.cpp" />
		<Unit filename="AAMLibrary\AAM_TDM.h" />
		<Unit filename="AAMLibrary\AAM_Util.cpp" />
		<Unit filename="AAMLibrary\AAM_Util.h" />
		<Unit filename="AAMLibrary\AAM_VJFaceDetect.cpp" />
		<Unit filename="AAMLibrary\AAM_VJFaceDetect.h" />
		<Unit filename="ASMDLL\ASMDLL.h" />
		<Unit filename="CPR.h" />
		<Unit filename="CPR2.h" />
		<Unit filename="Collect.cpp" />
		<Unit filename="Collect.h" />
		<Unit filename="PIF.cpp" />
		<Unit filename="PIF.h" />
		<Unit filename="PIF2.cpp" />
		<Unit filename="PIF2.h" />
		<Unit filename="PIF3.cpp" />
		<Unit filename="PIF3.h" />
		<Unit filename="PIF4.cpp" />
		<Unit filename="PIF4.h" />
		<Unit filename="RandomFern.cpp" />
		<Unit filename="RandomFern.h" />
		<Unit filename="aflw\dbconn\SQLiteDBConnection.cpp" />
		<Unit filename="aflw\dbconn\SQLiteDBConnection.h" />
		<Unit filename="aflw\facedata\FaceData.cpp" />
		<Unit filename="aflw\facedata\FaceData.h" />
		<Unit filename="aflw\facedata\FaceDbImage.cpp" />
		<Unit filename="aflw\facedata\FaceDbImage.h" />
		<Unit filename="aflw\facedata\FaceMetadata.cpp" />
		<Unit filename="aflw\facedata\FaceMetadata.h" />
		<Unit filename="aflw\facedata\FacePose.cpp" />
		<Unit filename="aflw\facedata\FacePose.h" />
		<Unit filename="aflw\facedata\FaceRect.cpp" />
		<Unit filename="aflw\facedata\FaceRect.h" />
		<Unit filename="aflw\facedata\FeatureCoordTypes.cpp" />
		<Unit filename="aflw\facedata\FeatureCoordTypes.h" />
		<Unit filename="aflw\facedata\FeaturesCoords.cpp" />
		<Unit filename="aflw\facedata\FeaturesCoords.h" />
		<Unit filename="aflw\querys\DeleteFacesByIdsQuery.cpp" />
		<Unit filename="aflw\querys\DeleteFacesByIdsQuery.h" />
		<Unit filename="aflw\querys\FaceDBQuery.cpp" />
		<Unit filename="aflw\querys\FaceDBQuery.h" />
		<Unit filename="aflw\querys\FaceDataByIDsQuery.cpp" />
		<Unit filename="aflw\querys\FaceDataByIDsQuery.h" />
		<Unit filename="aflw\querys\FaceIDByAnnotatedFeatureQuery.cpp" />
		<Unit filename="aflw\querys\FaceIDByAnnotatedFeatureQuery.h" />
		<Unit filename="aflw\querys\FaceIDByPoseQuery.cpp" />
		<Unit filename="aflw\querys\FaceIDByPoseQuery.h" />
		<Unit filename="aflw\querys\FaceIDQuery.cpp" />
		<Unit filename="aflw\querys\FaceIDQuery.h" />
		<Unit filename="aflw\querys\FaceIDsByImageQuery.cpp" />
		<Unit filename="aflw\querys\FaceIDsByImageQuery.h" />
		<Unit filename="aflw\querys\FaceRectsByFaceIDQuery.cpp" />
		<Unit filename="aflw\querys\FaceRectsByFaceIDQuery.h" />
		<Unit filename="aflw\querys\FacesWithPoseQuery.cpp" />
		<Unit filename="aflw\querys\FacesWithPoseQuery.h" />
		<Unit filename="aflw\querys\FileIDOfImagesWithFaces.cpp" />
		<Unit filename="aflw\querys\FileIDOfImagesWithFaces.h" />
		<Unit filename="aflw\querys\ImageByFaceIDQuery.cpp" />
		<Unit filename="aflw\querys\ImageByFaceIDQuery.h" />
		<Unit filename="aflw\querys\ImageByFileIDQuery.cpp" />
		<Unit filename="aflw\querys\ImageByFileIDQuery.h" />
		<Unit filename="aflw\querys\ImagesWithFacesQuery.cpp" />
		<Unit filename="aflw\querys\ImagesWithFacesQuery.h" />
		<Unit filename="aflw\util\MeanFace3DModel.cpp" />
		<Unit filename="aflw\util\MeanFace3DModel.h" />
		<Unit filename="aflw\util\ModernPosit.cpp" />
		<Unit filename="aflw\util\ModernPosit.h" />
		<Unit filename="aflw\util\StringUtil.cpp" />
		<Unit filename="aflw\util\StringUtil.h" />
		<Unit filename="debug.cpp" />
		<Unit filename="debug.h" />
		<Unit filename="feature_channel_factory.hpp" />
		<Unit filename="image_sample.cpp" />
		<Unit filename="image_sample.hpp" />
		<Unit filename="main.cpp" />
		<Unit filename="opencv_serialization.hpp" />
		<Unit filename="sqlite3\sqlite3.c">
			<Option compilerVar="CC" />
		</Unit>
		<Unit filename="tree\node.hpp" />
		<Unit filename="tree\tree.hpp" />
		<Extensions>
			<code_completion />
			<debugger />
			<envvars />
		</Extensions>
	</Project>
</CodeBlocks_project_file>
